
Microsoft Visual Studio Solution File, Format Version 12.00
# Visual Studio Version 17
VisualStudioVersion = 17.0.31903.59
MinimumVisualStudioVersion = 10.0.40219.1
Project("{FAE04EC0-301F-11D3-BF4B-00C04F79EFBC}") = "Client", "Client\Client.csproj", "{1790946E-62F0-4F27-AFEF-2863F971EC34}"
EndProject
Project("{FAE04EC0-301F-11D3-BF4B-00C04F79EFBC}") = "Server", "Server\Server.csproj", "{B7ADC691-F63A-4523-9177-4EF1BC5D83E5}"
EndProject
Global
	GlobalSection(SolutionConfigurationPlatforms) = preSolution
		Debug|Any CPU = Debug|Any CPU
		Release|Any CPU = Release|Any CPU
	EndGlobalSection
	GlobalSection(SolutionProperties) = preSolution
		HideSolutionNode = FALSE
	EndGlobalSection
	GlobalSection(ProjectConfigurationPlatforms) = postSolution
		{1790946E-62F0-4F27-AFEF-2863F971EC34}.Debug|Any CPU.ActiveCfg = Debug|Any CPU
		{1790946E-62F0-4F27-AFEF-2863F971EC34}.Debug|Any CPU.Build.0 = Debug|Any CPU
		{1790946E-62F0-4F27-AFEF-2863F971EC34}.Release|Any CPU.ActiveCfg = Release|Any CPU
		{1790946E-62F0-4F27-AFEF-2863F971EC34}.Release|Any CPU.Build.0 = Release|Any CPU
		{B7ADC691-F63A-4523-9177-4EF1BC5D83E5}.Debug|Any CPU.ActiveCfg = Debug|Any CPU
		{B7ADC691-F63A-4523-9177-4EF1BC5D83E5}.Debug|Any CPU.Build.0 = Debug|Any CPU
		{B7ADC691-F63A-4523-9177-4EF1BC5D83E5}.Release|Any CPU.ActiveCfg = Release|Any CPU
		{B7ADC691-F63A-4523-9177-4EF1BC5D83E5}.Release|Any CPU.Build.0 = Release|Any CPU
	EndGlobalSection
EndGlobal
