
Microsoft Visual Studio Solution File, Format Version 12.00
# Visual Studio Version 17
VisualStudioVersion = 17.0.31903.59
MinimumVisualStudioVersion = 10.0.40219.1
Project("{FAE04EC0-301F-11D3-BF4B-00C04F79EFBC}") = "Spiffe", "src\Spiffe\Spiffe.csproj", "{49B83F34-733F-4F1F-9E33-C6936BC03C4D}"
EndProject
Project("{FAE04EC0-301F-11D3-BF4B-00C04F79EFBC}") = "Spiffe.Client", "src\Spiffe.Client\Spiffe.Client.csproj", "{928754C4-5323-44C1-8190-299CC71D55C9}"
EndProject
Project("{FAE04EC0-301F-11D3-BF4B-00C04F79EFBC}") = "Spiffe.Tests", "tests\Spiffe.Tests\Spiffe.Tests.csproj", "{68D27CC5-F143-4E54-B65C-4EF745A2D0F0}"
EndProject
Project("{2150E333-8FDC-42A3-9474-1A3956D46DE8}") = "samples", "samples", "{8BFD4D96-4296-4CD4-9F87-2E7D06CFADF9}"
EndProject
Project("{2150E333-8FDC-42A3-9474-1A3956D46DE8}") = "AspNetCore", "AspNetCore", "{B88A4333-97E0-41AD-8FB4-D94ABB226DBD}"
EndProject
Project("{FAE04EC0-301F-11D3-BF4B-00C04F79EFBC}") = "Server", "samples\AspNetCore\Mtls\Server\Server.csproj", "{412E2E7F-F8FC-4BA0-A381-CC697B938E3C}"
EndProject
Project("{FAE04EC0-301F-11D3-BF4B-00C04F79EFBC}") = "Client", "samples\AspNetCore\Mtls\Client\Client.csproj", "{8B08FAA6-9938-4694-AB43-47CA7A0FFAA4}"
EndProject
Project("{2150E333-8FDC-42A3-9474-1A3956D46DE8}") = "Tls", "Tls", "{DD2CDD82-1E26-46C3-87E2-08182954ED5E}"
EndProject
Project("{FAE04EC0-301F-11D3-BF4B-00C04F79EFBC}") = "TlsAspNetServer", "samples\AspNetCore\Tls\Server\Server.csproj", "{223008AB-B0A5-4001-A9C9-48B3203F4FA7}"
EndProject
Project("{FAE04EC0-301F-11D3-BF4B-00C04F79EFBC}") = "Client", "samples\AspNetCore\Tls\Client\Client.csproj", "{130866B6-4653-4B3F-9249-E998D195A928}"
EndProject
Project("{2150E333-8FDC-42A3-9474-1A3956D46DE8}") = "Grpc", "Grpc", "{C6043E14-A5C2-401C-BBE6-27C44F8DD85D}"
EndProject
Project("{2150E333-8FDC-42A3-9474-1A3956D46DE8}") = "Mtls", "Mtls", "{4B941281-812E-4FCA-9671-46EE0BEC7E6D}"
EndProject
Project("{FAE04EC0-301F-11D3-BF4B-00C04F79EFBC}") = "Server", "samples\Grpc\Mtls\Server\Server.csproj", "{B420ED22-8077-4980-AF58-B45EB4489ABA}"
EndProject
Project("{FAE04EC0-301F-11D3-BF4B-00C04F79EFBC}") = "Client", "samples\Grpc\Mtls\Client\Client.csproj", "{78C932BB-9CFA-45A2-96C1-91C949B428F3}"
EndProject
Project("{FAE04EC0-301F-11D3-BF4B-00C04F79EFBC}") = "GrpcCommon", "samples\Grpc\GrpcCommon\GrpcCommon.csproj", "{9CB24435-4EF0-4280-9D95-034A53FF2828}"
EndProject
Project("{2150E333-8FDC-42A3-9474-1A3956D46DE8}") = "Tls", "Tls", "{4B53730D-9B90-4EB7-8CB8-2840C24115FD}"
EndProject
Project("{FAE04EC0-301F-11D3-BF4B-00C04F79EFBC}") = "Server", "samples\Grpc\Tls\Server\Server.csproj", "{076FFE21-0CA4-488E-9C25-0F04CC8C029D}"
EndProject
Project("{FAE04EC0-301F-11D3-BF4B-00C04F79EFBC}") = "Client", "samples\Grpc\Tls\Client\Client.csproj", "{F06963C8-9580-47B1-AE1D-5B0DB2F9C278}"
EndProject
Project("{2150E333-8FDC-42A3-9474-1A3956D46DE8}") = "Jwt", "Jwt", "{B537BB7C-A235-479B-A83D-5EBC3BBF2F5A}"
EndProject
Project("{FAE04EC0-301F-11D3-BF4B-00C04F79EFBC}") = "Client", "samples\AspNetCore\Jwt\Client\Client.csproj", "{74A7C588-3EDD-49F0-88E6-9B528AEA1C43}"
EndProject
Project("{FAE04EC0-301F-11D3-BF4B-00C04F79EFBC}") = "Server", "samples\AspNetCore\Jwt\Server\Server.csproj", "{63A0C565-F999-4F71-A0A9-49E99869BEAB}"
EndProject
Global
	GlobalSection(SolutionConfigurationPlatforms) = preSolution
		Debug|Any CPU = Debug|Any CPU
		Release|Any CPU = Release|Any CPU
	EndGlobalSection
	GlobalSection(SolutionProperties) = preSolution
		HideSolutionNode = FALSE
	EndGlobalSection
	GlobalSection(ProjectConfigurationPlatforms) = postSolution
		{49B83F34-733F-4F1F-9E33-C6936BC03C4D}.Debug|Any CPU.ActiveCfg = Debug|Any CPU
		{49B83F34-733F-4F1F-9E33-C6936BC03C4D}.Debug|Any CPU.Build.0 = Debug|Any CPU
		{49B83F34-733F-4F1F-9E33-C6936BC03C4D}.Release|Any CPU.ActiveCfg = Release|Any CPU
		{49B83F34-733F-4F1F-9E33-C6936BC03C4D}.Release|Any CPU.Build.0 = Release|Any CPU
		{928754C4-5323-44C1-8190-299CC71D55C9}.Debug|Any CPU.ActiveCfg = Debug|Any CPU
		{928754C4-5323-44C1-8190-299CC71D55C9}.Debug|Any CPU.Build.0 = Debug|Any CPU
		{928754C4-5323-44C1-8190-299CC71D55C9}.Release|Any CPU.ActiveCfg = Release|Any CPU
		{928754C4-5323-44C1-8190-299CC71D55C9}.Release|Any CPU.Build.0 = Release|Any CPU
		{68D27CC5-F143-4E54-B65C-4EF745A2D0F0}.Debug|Any CPU.ActiveCfg = Debug|Any CPU
		{68D27CC5-F143-4E54-B65C-4EF745A2D0F0}.Debug|Any CPU.Build.0 = Debug|Any CPU
		{68D27CC5-F143-4E54-B65C-4EF745A2D0F0}.Release|Any CPU.ActiveCfg = Release|Any CPU
		{68D27CC5-F143-4E54-B65C-4EF745A2D0F0}.Release|Any CPU.Build.0 = Release|Any CPU
		{412E2E7F-F8FC-4BA0-A381-CC697B938E3C}.Debug|Any CPU.ActiveCfg = Debug|Any CPU
		{412E2E7F-F8FC-4BA0-A381-CC697B938E3C}.Debug|Any CPU.Build.0 = Debug|Any CPU
		{412E2E7F-F8FC-4BA0-A381-CC697B938E3C}.Release|Any CPU.ActiveCfg = Release|Any CPU
		{412E2E7F-F8FC-4BA0-A381-CC697B938E3C}.Release|Any CPU.Build.0 = Release|Any CPU
		{8B08FAA6-9938-4694-AB43-47CA7A0FFAA4}.Debug|Any CPU.ActiveCfg = Debug|Any CPU
		{8B08FAA6-9938-4694-AB43-47CA7A0FFAA4}.Debug|Any CPU.Build.0 = Debug|Any CPU
		{8B08FAA6-9938-4694-AB43-47CA7A0FFAA4}.Release|Any CPU.ActiveCfg = Release|Any CPU
		{8B08FAA6-9938-4694-AB43-47CA7A0FFAA4}.Release|Any CPU.Build.0 = Release|Any CPU
		{223008AB-B0A5-4001-A9C9-48B3203F4FA7}.Debug|Any CPU.ActiveCfg = Debug|Any CPU
		{223008AB-B0A5-4001-A9C9-48B3203F4FA7}.Debug|Any CPU.Build.0 = Debug|Any CPU
		{223008AB-B0A5-4001-A9C9-48B3203F4FA7}.Release|Any CPU.ActiveCfg = Release|Any CPU
		{223008AB-B0A5-4001-A9C9-48B3203F4FA7}.Release|Any CPU.Build.0 = Release|Any CPU
		{130866B6-4653-4B3F-9249-E998D195A928}.Debug|Any CPU.ActiveCfg = Debug|Any CPU
		{130866B6-4653-4B3F-9249-E998D195A928}.Debug|Any CPU.Build.0 = Debug|Any CPU
		{130866B6-4653-4B3F-9249-E998D195A928}.Release|Any CPU.ActiveCfg = Release|Any CPU
		{130866B6-4653-4B3F-9249-E998D195A928}.Release|Any CPU.Build.0 = Release|Any CPU
		{78C932BB-9CFA-45A2-96C1-91C949B428F3}.Debug|Any CPU.ActiveCfg = Debug|Any CPU
		{78C932BB-9CFA-45A2-96C1-91C949B428F3}.Debug|Any CPU.Build.0 = Debug|Any CPU
		{78C932BB-9CFA-45A2-96C1-91C949B428F3}.Release|Any CPU.ActiveCfg = Release|Any CPU
		{78C932BB-9CFA-45A2-96C1-91C949B428F3}.Release|Any CPU.Build.0 = Release|Any CPU
		{B420ED22-8077-4980-AF58-B45EB4489ABA}.Debug|Any CPU.ActiveCfg = Debug|Any CPU
		{B420ED22-8077-4980-AF58-B45EB4489ABA}.Debug|Any CPU.Build.0 = Debug|Any CPU
		{B420ED22-8077-4980-AF58-B45EB4489ABA}.Release|Any CPU.ActiveCfg = Release|Any CPU
		{B420ED22-8077-4980-AF58-B45EB4489ABA}.Release|Any CPU.Build.0 = Release|Any CPU
		{9CB24435-4EF0-4280-9D95-034A53FF2828}.Debug|Any CPU.ActiveCfg = Debug|Any CPU
		{9CB24435-4EF0-4280-9D95-034A53FF2828}.Debug|Any CPU.Build.0 = Debug|Any CPU
		{9CB24435-4EF0-4280-9D95-034A53FF2828}.Release|Any CPU.ActiveCfg = Release|Any CPU
		{9CB24435-4EF0-4280-9D95-034A53FF2828}.Release|Any CPU.Build.0 = Release|Any CPU
		{076FFE21-0CA4-488E-9C25-0F04CC8C029D}.Debug|Any CPU.ActiveCfg = Debug|Any CPU
		{076FFE21-0CA4-488E-9C25-0F04CC8C029D}.Debug|Any CPU.Build.0 = Debug|Any CPU
		{076FFE21-0CA4-488E-9C25-0F04CC8C029D}.Release|Any CPU.ActiveCfg = Release|Any CPU
		{076FFE21-0CA4-488E-9C25-0F04CC8C029D}.Release|Any CPU.Build.0 = Release|Any CPU
		{F06963C8-9580-47B1-AE1D-5B0DB2F9C278}.Debug|Any CPU.ActiveCfg = Debug|Any CPU
		{F06963C8-9580-47B1-AE1D-5B0DB2F9C278}.Debug|Any CPU.Build.0 = Debug|Any CPU
		{F06963C8-9580-47B1-AE1D-5B0DB2F9C278}.Release|Any CPU.ActiveCfg = Release|Any CPU
		{F06963C8-9580-47B1-AE1D-5B0DB2F9C278}.Release|Any CPU.Build.0 = Release|Any CPU
		{74A7C588-3EDD-49F0-88E6-9B528AEA1C43}.Debug|Any CPU.ActiveCfg = Debug|Any CPU
		{74A7C588-3EDD-49F0-88E6-9B528AEA1C43}.Debug|Any CPU.Build.0 = Debug|Any CPU
		{74A7C588-3EDD-49F0-88E6-9B528AEA1C43}.Release|Any CPU.ActiveCfg = Release|Any CPU
		{74A7C588-3EDD-49F0-88E6-9B528AEA1C43}.Release|Any CPU.Build.0 = Release|Any CPU
		{63A0C565-F999-4F71-A0A9-49E99869BEAB}.Debug|Any CPU.ActiveCfg = Debug|Any CPU
		{63A0C565-F999-4F71-A0A9-49E99869BEAB}.Debug|Any CPU.Build.0 = Debug|Any CPU
		{63A0C565-F999-4F71-A0A9-49E99869BEAB}.Release|Any CPU.ActiveCfg = Release|Any CPU
		{63A0C565-F999-4F71-A0A9-49E99869BEAB}.Release|Any CPU.Build.0 = Release|Any CPU
	EndGlobalSection
	GlobalSection(NestedProjects) = preSolution
		{B88A4333-97E0-41AD-8FB4-D94ABB226DBD} = {8BFD4D96-4296-4CD4-9F87-2E7D06CFADF9}
		{412E2E7F-F8FC-4BA0-A381-CC697B938E3C} = {B88A4333-97E0-41AD-8FB4-D94ABB226DBD}
		{8B08FAA6-9938-4694-AB43-47CA7A0FFAA4} = {B88A4333-97E0-41AD-8FB4-D94ABB226DBD}
		{DD2CDD82-1E26-46C3-87E2-08182954ED5E} = {B88A4333-97E0-41AD-8FB4-D94ABB226DBD}
		{223008AB-B0A5-4001-A9C9-48B3203F4FA7} = {DD2CDD82-1E26-46C3-87E2-08182954ED5E}
		{130866B6-4653-4B3F-9249-E998D195A928} = {DD2CDD82-1E26-46C3-87E2-08182954ED5E}
		{C6043E14-A5C2-401C-BBE6-27C44F8DD85D} = {8BFD4D96-4296-4CD4-9F87-2E7D06CFADF9}
		{4B941281-812E-4FCA-9671-46EE0BEC7E6D} = {C6043E14-A5C2-401C-BBE6-27C44F8DD85D}
		{78C932BB-9CFA-45A2-96C1-91C949B428F3} = {4B941281-812E-4FCA-9671-46EE0BEC7E6D}
		{B420ED22-8077-4980-AF58-B45EB4489ABA} = {4B941281-812E-4FCA-9671-46EE0BEC7E6D}
		{9CB24435-4EF0-4280-9D95-034A53FF2828} = {C6043E14-A5C2-401C-BBE6-27C44F8DD85D}
		{4B53730D-9B90-4EB7-8CB8-2840C24115FD} = {C6043E14-A5C2-401C-BBE6-27C44F8DD85D}
		{076FFE21-0CA4-488E-9C25-0F04CC8C029D} = {4B53730D-9B90-4EB7-8CB8-2840C24115FD}
		{F06963C8-9580-47B1-AE1D-5B0DB2F9C278} = {4B53730D-9B90-4EB7-8CB8-2840C24115FD}
		{B537BB7C-A235-479B-A83D-5EBC3BBF2F5A} = {B88A4333-97E0-41AD-8FB4-D94ABB226DBD}
		{74A7C588-3EDD-49F0-88E6-9B528AEA1C43} = {B537BB7C-A235-479B-A83D-5EBC3BBF2F5A}
		{63A0C565-F999-4F71-A0A9-49E99869BEAB} = {B537BB7C-A235-479B-A83D-5EBC3BBF2F5A}
	EndGlobalSection
EndGlobal
