{
  "version": 2,
  "dependencies": {
    "net8.0": {
      "Microsoft.AspNetCore.Authentication.JwtBearer": {
        "type": "Direct",
        "requested": "[8.0.1, )",
        "resolved": "8.0.1",
        "contentHash": "6xI3L6n8ucpUSkVn0Ax0MOtSJKIT6lrIkYGxIRda9LgmAjOFS3wPj2J2Y75dGUFkgTgpxPNq9K0oDCMPS2zBMg==",
        "dependencies": {
          "Microsoft.IdentityModel.Protocols.OpenIdConnect": "7.1.2"
        }
      },
      "SonarAnalyzer.CSharp": {
        "type": "Direct",
        "requested": "[9.22.0.87781, )",
        "resolved": "9.22.0.87781",
        "contentHash": "2I6a87QiJ8plPibNryS2fYB6metZxqT/8UUyMky4EPb6XNLRJLMrO0tNdgrPdIhXxF8FcLOcIUf9/1pGNMezqg=="
      },
      "StyleCop.Analyzers": {
        "type": "Direct",
        "requested": "[1.2.0-beta.556, )",
        "resolved": "1.2.0-beta.556",
        "contentHash": "llRPgmA1fhC0I0QyFLEcjvtM2239QzKr/tcnbsjArLMJxJlu0AA5G7Fft0OI30pHF3MW63Gf4aSSsjc5m82J1Q==",
        "dependencies": {
          "StyleCop.Analyzers.Unstable": "1.2.0.556"
        }
      },
      "Grpc.Core.Api": {
        "type": "Transitive",
        "resolved": "2.61.0",
        "contentHash": "FFHazRC4SVRpeYzHudZVLTmETfweFaihQZ9xcxbny21MKaz3mmbH8d26bcJ8clCufTYoCxav6nz1moyoxJ+olw=="
      },
      "Grpc.Net.Common": {
        "type": "Transitive",
        "resolved": "2.61.0",
        "contentHash": "7htYm01A2GCNFq6iamv1NjPycs0nslsYrDD01VAy71k8aSDISBklGJwH7iXZ+ScHdhz+qE0WVvZYVTFsfMPZzQ==",
        "dependencies": {
          "Grpc.Core.Api": "2.61.0"
        }
      },
      "Microsoft.Extensions.Logging.Abstractions": {
        "type": "Transitive",
        "resolved": "6.0.0",
        "contentHash": "/HggWBbTwy8TgebGSX5DBZ24ndhzi93sHUBDvP1IxbZD7FDokYzdAr6+vbWGjw2XAfR2EJ1sfKUotpjHnFWPxA=="
      },
      "Microsoft.IdentityModel.Abstractions": {
        "type": "Transitive",
        "resolved": "7.4.1",
        "contentHash": "GiQzMSzHQWPhnjpn/xy6SGcjtN8ZJbhB9ZEg3RglJ64QwH+VGp7xEpIN674UgjSDF+jJSrAY4/7/2S6F7Nh0hw=="
      },
      "Microsoft.IdentityModel.Logging": {
        "type": "Transitive",
        "resolved": "7.4.1",
        "contentHash": "QsNBNAdoTP+JxBqqMw3isVeV86z2b+ka94Pue3eRRz8O15mfHhcSnb10IM+aqavAaxCO+EwNu5F/yyRlQ0usWg==",
        "dependencies": {
          "Microsoft.IdentityModel.Abstractions": "7.4.1"
        }
      },
      "Microsoft.IdentityModel.Protocols": {
        "type": "Transitive",
        "resolved": "7.1.2",
        "contentHash": "SydLwMRFx6EHPWJ+N6+MVaoArN1Htt92b935O3RUWPY1yUF63zEjvd3lBu79eWdZUwedP8TN2I5V9T3nackvIQ==",
        "dependencies": {
          "Microsoft.IdentityModel.Logging": "7.1.2",
          "Microsoft.IdentityModel.Tokens": "7.1.2"
        }
      },
      "Microsoft.IdentityModel.Protocols.OpenIdConnect": {
        "type": "Transitive",
        "resolved": "7.1.2",
        "contentHash": "6lHQoLXhnMQ42mGrfDkzbIOR3rzKM1W1tgTeMPLgLCqwwGw0d96xFi/UiX/fYsu7d6cD5MJiL3+4HuI8VU+sVQ==",
        "dependencies": {
          "Microsoft.IdentityModel.Protocols": "7.1.2",
          "System.IdentityModel.Tokens.Jwt": "7.1.2"
        }
      },
      "Microsoft.IdentityModel.Tokens": {
        "type": "Transitive",
        "resolved": "7.4.1",
        "contentHash": "akl3hQWdj87XkSRahwhrmx9ZfchF97RZoKr9v9fwjrpQz3t0x8lnsjcOfButSS6cvyY/EX0HJuXb5hgkqFjP/g==",
        "dependencies": {
          "Microsoft.IdentityModel.Logging": "7.4.1"
        }
      },
      "StyleCop.Analyzers.Unstable": {
        "type": "Transitive",
        "resolved": "1.2.0.556",
        "contentHash": "zvn9Mqs/ox/83cpYPignI8hJEM2A93s2HkHs8HYMOAQW0PkampyoErAiIyKxgTLqbbad29HX/shv/6LGSjPJNQ=="
      },
      "spiffe": {
        "type": "Project",
        "dependencies": {
          "Google.Protobuf": "[3.26.0, )",
          "Grpc.Net.Client": "[2.61.0, )",
          "Microsoft.IdentityModel.JsonWebTokens": "[7.4.1, )"
        }
      },
      "Google.Protobuf": {
        "type": "CentralTransitive",
        "requested": "[3.26.0, )",
        "resolved": "3.26.0",
        "contentHash": "AkWr2Hz/rycJapYHXS3gT5UVq8K8D2gkNA70ePe22oejNVGMkw5Mtasri2VbNtBCgbqtE8MsIPYp73xud2wAVQ=="
      },
      "Grpc.Net.Client": {
        "type": "CentralTransitive",
        "requested": "[2.61.0, )",
        "resolved": "2.61.0",
        "contentHash": "/H4WMyzoTKVBE31PaCG76c/29YTpBeP8W1Vh9of7ykmi8Iw9SlZTm+8quZ35DzRkORZSV6T8CvYPwCVxJzTUKA==",
        "dependencies": {
          "Grpc.Net.Common": "2.61.0",
          "Microsoft.Extensions.Logging.Abstractions": "6.0.0"
        }
      },
      "Microsoft.IdentityModel.JsonWebTokens": {
        "type": "CentralTransitive",
        "requested": "[7.4.1, )",
        "resolved": "7.4.1",
        "contentHash": "RnrQO8IniImY6qrC9qYDc7UBcbPF7+Dp14ee9TqKnlB2/oyIKq8Q3tJ/65zgYvfV4p6iMYLpi+W8C/36J58cIg==",
        "dependencies": {
          "Microsoft.IdentityModel.Tokens": "7.4.1"
        }
      },
      "System.IdentityModel.Tokens.Jwt": {
        "type": "CentralTransitive",
        "requested": "[7.4.1, )",
        "resolved": "7.1.2",
        "contentHash": "Thhbe1peAmtSBFaV/ohtykXiZSOkx59Da44hvtWfIMFofDA3M3LaVyjstACf2rKGn4dEDR2cUpRAZ0Xs/zB+7Q==",
        "dependencies": {
          "Microsoft.IdentityModel.JsonWebTokens": "7.1.2",
          "Microsoft.IdentityModel.Tokens": "7.1.2"
        }
      }
    }
  }
}